// !$*UTF8*$!
{
	archiveVersion = 1;
	classes = {
	};
	objectVersion = 50;
	objects = {

/* Begin PBXBuildFile section */
		04E04F3A2631E6820094213F /* LayoutApp.swift in Sources */ = {isa = PBXBuildFile; fileRef = 04E04F392631E6820094213F /* LayoutApp.swift */; };
		04E04F3C2631E6820094213F /* ContentView.swift in Sources */ = {isa = PBXBuildFile; fileRef = 04E04F3B2631E6820094213F /* ContentView.swift */; };
		04E04F3E2631E6890094213F /* Assets.xcassets in Resources */ = {isa = PBXBuildFile; fileRef = 04E04F3D2631E6890094213F /* Assets.xcassets */; };
		04E04F412631E6890094213F /* Preview Assets.xcassets in Resources */ = {isa = PBXBuildFile; fileRef = 04E04F402631E6890094213F /* Preview Assets.xcassets */; };
		04E04F4C2631E68A0094213F /* LayoutTests.swift in Sources */ = {isa = PBXBuildFile; fileRef = 04E04F4B2631E68A0094213F /* LayoutTests.swift */; };
		04E04F572631E68A0094213F /* LayoutUITests.swift in Sources */ = {isa = PBXBuildFile; fileRef = 04E04F562631E68A0094213F /* LayoutUITests.swift */; };
		04E04F652631EF140094213F /* Blueprints.swift in Sources */ = {isa = PBXBuildFile; fileRef = 04E04F642631EF140094213F /* Blueprints.swift */; };
		04E04F692631EF7C0094213F /* HStak.swift in Sources */ = {isa = PBXBuildFile; fileRef = 04E04F682631EF7C0094213F /* HStak.swift */; };
/* End PBXBuildFile section */

/* Begin PBXContainerItemProxy section */
		04E04F482631E68A0094213F /* PBXContainerItemProxy */ = {
			isa = PBXContainerItemProxy;
			containerPortal = 04E04F2E2631E6820094213F /* Project object */;
			proxyType = 1;
			remoteGlobalIDString = 04E04F352631E6820094213F;
			remoteInfo = Layout;
		};
		04E04F532631E68A0094213F /* PBXContainerItemProxy */ = {
			isa = PBXContainerItemProxy;
			containerPortal = 04E04F2E2631E6820094213F /* Project object */;
			proxyType = 1;
			remoteGlobalIDString = 04E04F352631E6820094213F;
			remoteInfo = Layout;
		};
/* End PBXContainerItemProxy section */

/* Begin PBXFileReference section */
		04E04F362631E6820094213F /* Layout.app */ = {isa = PBXFileReference; explicitFileType = wrapper.application; includeInIndex = 0; path = Layout.app; sourceTree = BUILT_PRODUCTS_DIR; };
		04E04F392631E6820094213F /* LayoutApp.swift */ = {isa = PBXFileReference; lastKnownFileType = sourcecode.swift; path = LayoutApp.swift; sourceTree = "<group>"; };
		04E04F3B2631E6820094213F /* ContentView.swift */ = {isa = PBXFileReference; lastKnownFileType = sourcecode.swift; path = ContentView.swift; sourceTree = "<group>"; };
		04E04F3D2631E6890094213F /* Assets.xcassets */ = {isa = PBXFileReference; lastKnownFileType = folder.assetcatalog; path = Assets.xcassets; sourceTree = "<group>"; };
		04E04F402631E6890094213F /* Preview Assets.xcassets */ = {isa = PBXFileReference; lastKnownFileType = folder.assetcatalog; path = "Preview Assets.xcassets"; sourceTree = "<group>"; };
		04E04F422631E6890094213F /* Info.plist */ = {isa = PBXFileReference; lastKnownFileType = text.plist.xml; path = Info.plist; sourceTree = "<group>"; };
		04E04F472631E68A0094213F /* LayoutTests.xctest */ = {isa = PBXFileReference; explicitFileType = wrapper.cfbundle; includeInIndex = 0; path = LayoutTests.xctest; sourceTree = BUILT_PRODUCTS_DIR; };
		04E04F4B2631E68A0094213F /* LayoutTests.swift */ = {isa = PBXFileReference; lastKnownFileType = sourcecode.swift; path = LayoutTests.swift; sourceTree = "<group>"; };
		04E04F4D2631E68A0094213F /* Info.plist */ = {isa = PBXFileReference; lastKnownFileType = text.plist.xml; path = Info.plist; sourceTree = "<group>"; };
		04E04F522631E68A0094213F /* LayoutUITests.xctest */ = {isa = PBXFileReference; explicitFileType = wrapper.cfbundle; includeInIndex = 0; path = LayoutUITests.xctest; sourceTree = BUILT_PRODUCTS_DIR; };
		04E04F562631E68A0094213F /* LayoutUITests.swift */ = {isa = PBXFileReference; lastKnownFileType = sourcecode.swift; path = LayoutUITests.swift; sourceTree = "<group>"; };
		04E04F582631E68A0094213F /* Info.plist */ = {isa = PBXFileReference; lastKnownFileType = text.plist.xml; path = Info.plist; sourceTree = "<group>"; };
		04E04F642631EF140094213F /* Blueprints.swift */ = {isa = PBXFileReference; lastKnownFileType = sourcecode.swift; path = Blueprints.swift; sourceTree = SOURCE_ROOT; };
		04E04F682631EF7C0094213F /* HStak.swift */ = {isa = PBXFileReference; lastKnownFileType = sourcecode.swift; path = HStak.swift; sourceTree = "<group>"; };
/* End PBXFileReference section */

/* Begin PBXFrameworksBuildPhase section */
		04E04F332631E6820094213F /* Frameworks */ = {
			isa = PBXFrameworksBuildPhase;
			buildActionMask = 2147483647;
			files = (
			);
			runOnlyForDeploymentPostprocessing = 0;
		};
		04E04F442631E68A0094213F /* Frameworks */ = {
			isa = PBXFrameworksBuildPhase;
			buildActionMask = 2147483647;
			files = (
			);
			runOnlyForDeploymentPostprocessing = 0;
		};
		04E04F4F2631E68A0094213F /* Frameworks */ = {
			isa = PBXFrameworksBuildPhase;
			buildActionMask = 2147483647;
			files = (
			);
			runOnlyForDeploymentPostprocessing = 0;
		};
/* End PBXFrameworksBuildPhase section */

/* Begin PBXGroup section */
		04E04F2D2631E6820094213F = {
			isa = PBXGroup;
			children = (
				04E04F382631E6820094213F /* Layout */,
				04E04F4A2631E68A0094213F /* LayoutTests */,
				04E04F552631E68A0094213F /* LayoutUITests */,
				04E04F372631E6820094213F /* Products */,
			);
			sourceTree = "<group>";
		};
		04E04F372631E6820094213F /* Products */ = {
			isa = PBXGroup;
			children = (
				04E04F362631E6820094213F /* Layout.app */,
				04E04F472631E68A0094213F /* LayoutTests.xctest */,
				04E04F522631E68A0094213F /* LayoutUITests.xctest */,
			);
			name = Products;
			sourceTree = "<group>";
		};
		04E04F382631E6820094213F /* Layout */ = {
			isa = PBXGroup;
			children = (
				04E04F672631EF450094213F /* HStake */,
				04E04F642631EF140094213F /* Blueprints.swift */,
				04E04F392631E6820094213F /* LayoutApp.swift */,
				04E04F3B2631E6820094213F /* ContentView.swift */,
				04E04F3D2631E6890094213F /* Assets.xcassets */,
				04E04F422631E6890094213F /* Info.plist */,
				04E04F3F2631E6890094213F /* Preview Content */,
			);
			path = Layout;
			sourceTree = "<group>";
		};
		04E04F3F2631E6890094213F /* Preview Content */ = {
			isa = PBXGroup;
			children = (
				04E04F402631E6890094213F /* Preview Assets.xcassets */,
			);
			path = "Preview Content";
			sourceTree = "<group>";
		};
		04E04F4A2631E68A0094213F /* LayoutTests */ = {
			isa = PBXGroup;
			children = (
				04E04F4B2631E68A0094213F /* LayoutTests.swift */,
				04E04F4D2631E68A0094213F /* Info.plist */,
			);
			path = LayoutTests;
			sourceTree = "<group>";
		};
		04E04F552631E68A0094213F /* LayoutUITests */ = {
			isa = PBXGroup;
			children = (
				04E04F562631E68A0094213F /* LayoutUITests.swift */,
				04E04F582631E68A0094213F /* Info.plist */,
			);
			path = LayoutUITests;
			sourceTree = "<group>";
		};
		04E04F672631EF450094213F /* HStake */ = {
			isa = PBXGroup;
			children = (
				04E04F682631EF7C0094213F /* HStak.swift */,
			);
			path = HStake;
			sourceTree = "<group>";
		};
/* End PBXGroup section */

/* Begin PBXNativeTarget section */
		04E04F352631E6820094213F /* Layout */ = {
			isa = PBXNativeTarget;
			buildConfigurationList = 04E04F5B2631E68A0094213F /* Build configuration list for PBXNativeTarget "Layout" */;
			buildPhases = (
				04E04F322631E6820094213F /* Sources */,
				04E04F332631E6820094213F /* Frameworks */,
				04E04F342631E6820094213F /* Resources */,
			);
			buildRules = (
			);
			dependencies = (
			);
			name = Layout;
			productName = Layout;
			productReference = 04E04F362631E6820094213F /* Layout.app */;
			productType = "com.apple.product-type.application";
		};
		04E04F462631E68A0094213F /* LayoutTests */ = {
			isa = PBXNativeTarget;
			buildConfigurationList = 04E04F5E2631E68A0094213F /* Build configuration list for PBXNativeTarget "LayoutTests" */;
			buildPhases = (
				04E04F432631E68A0094213F /* Sources */,
				04E04F442631E68A0094213F /* Frameworks */,
				04E04F452631E68A0094213F /* Resources */,
			);
			buildRules = (
			);
			dependencies = (
				04E04F492631E68A0094213F /* PBXTargetDependency */,
			);
			name = LayoutTests;
			productName = LayoutTests;
			productReference = 04E04F472631E68A0094213F /* LayoutTests.xctest */;
			productType = "com.apple.product-type.bundle.unit-test";
		};
		04E04F512631E68A0094213F /* LayoutUITests */ = {
			isa = PBXNativeTarget;
			buildConfigurationList = 04E04F612631E68A0094213F /* Build configuration list for PBXNativeTarget "LayoutUITests" */;
			buildPhases = (
				04E04F4E2631E68A0094213F /* Sources */,
				04E04F4F2631E68A0094213F /* Frameworks */,
				04E04F502631E68A0094213F /* Resources */,
			);
			buildRules = (
			);
			dependencies = (
				04E04F542631E68A0094213F /* PBXTargetDependency */,
			);
			name = LayoutUITests;
			productName = LayoutUITests;
			productReference = 04E04F522631E68A0094213F /* LayoutUITests.xctest */;
			productType = "com.apple.product-type.bundle.ui-testing";
		};
/* End PBXNativeTarget section */

/* Begin PBXProject section */
		04E04F2E2631E6820094213F /* Project object */ = {
			isa = PBXProject;
			attributes = {
				LastSwiftUpdateCheck = 1250;
				LastUpgradeCheck = 1250;
				TargetAttributes = {
					04E04F352631E6820094213F = {
						CreatedOnToolsVersion = 12.5;
					};
					04E04F462631E68A0094213F = {
						CreatedOnToolsVersion = 12.5;
						TestTargetID = 04E04F352631E6820094213F;
					};
					04E04F512631E68A0094213F = {
						CreatedOnToolsVersion = 12.5;
						TestTargetID = 04E04F352631E6820094213F;
					};
				};
			};
			buildConfigurationList = 04E04F312631E6820094213F /* Build configuration list for PBXProject "Layout" */;
			compatibilityVersion = "Xcode 9.3";
			developmentRegion = en;
			hasScannedForEncodings = 0;
			knownRegions = (
				en,
				Base,
			);
			mainGroup = 04E04F2D2631E6820094213F;
			productRefGroup = 04E04F372631E6820094213F /* Products */;
			projectDirPath = "";
			projectRoot = "";
			targets = (
				04E04F352631E6820094213F /* Layout */,
				04E04F462631E68A0094213F /* LayoutTests */,
				04E04F512631E68A0094213F /* LayoutUITests */,
			);
		};
/* End PBXProject section */

/* Begin PBXResourcesBuildPhase section */
		04E04F342631E6820094213F /* Resources */ = {
			isa = PBXResourcesBuildPhase;
			buildActionMask = 2147483647;
			files = (
				04E04F412631E6890094213F /* Preview Assets.xcassets in Resources */,
				04E04F3E2631E6890094213F /* Assets.xcassets in Resources */,
			);
			runOnlyForDeploymentPostprocessing = 0;
		};
		04E04F452631E68A0094213F /* Resources */ = {
			isa = PBXResourcesBuildPhase;
			buildActionMask = 2147483647;
			files = (
			);
			runOnlyForDeploymentPostprocessing = 0;
		};
		04E04F502631E68A0094213F /* Resources */ = {
			isa = PBXResourcesBuildPhase;
			buildActionMask = 2147483647;
			files = (
			);
			runOnlyForDeploymentPostprocessing = 0;
		};
/* End PBXResourcesBuildPhase section */

/* Begin PBXSourcesBuildPhase section */
		04E04F322631E6820094213F /* Sources */ = {
			isa = PBXSourcesBuildPhase;
			buildActionMask = 2147483647;
			files = (
				04E04F652631EF140094213F /* Blueprints.swift in Sources */,
				04E04F692631EF7C0094213F /* HStak.swift in Sources */,
				04E04F3C2631E6820094213F /* ContentView.swift in Sources */,
				04E04F3A2631E6820094213F /* LayoutApp.swift in Sources */,
			);
			runOnlyForDeploymentPostprocessing = 0;
		};
		04E04F432631E68A0094213F /* Sources */ = {
			isa = PBXSourcesBuildPhase;
			buildActionMask = 2147483647;
			files = (
				04E04F4C2631E68A0094213F /* LayoutTests.swift in Sources */,
			);
			runOnlyForDeploymentPostprocessing = 0;
		};
		04E04F4E2631E68A0094213F /* Sources */ = {
			isa = PBXSourcesBuildPhase;
			buildActionMask = 2147483647;
			files = (
				04E04F572631E68A0094213F /* LayoutUITests.swift in Sources */,
			);
			runOnlyForDeploymentPostprocessing = 0;
		};
/* End PBXSourcesBuildPhase section */

/* Begin PBXTargetDependency section */
		04E04F492631E68A0094213F /* PBXTargetDependency */ = {
			isa = PBXTargetDependency;
			target = 04E04F352631E6820094213F /* Layout */;
			targetProxy = 04E04F482631E68A0094213F /* PBXContainerItemProxy */;
		};
		04E04F542631E68A0094213F /* PBXTargetDependency */ = {
			isa = PBXTargetDependency;
			target = 04E04F352631E6820094213F /* Layout */;
			targetProxy = 04E04F532631E68A0094213F /* PBXContainerItemProxy */;
		};
/* End PBXTargetDependency section */

/* Begin XCBuildConfiguration section */
		04E04F592631E68A0094213F /* Debug */ = {
			isa = XCBuildConfiguration;
			buildSettings = {
				ALWAYS_SEARCH_USER_PATHS = NO;
				CLANG_ANALYZER_NONNULL = YES;
				CLANG_ANALYZER_NUMBER_OBJECT_CONVERSION = YES_AGGRESSIVE;
				CLANG_CXX_LANGUAGE_STANDARD = "gnu++14";
				CLANG_CXX_LIBRARY = "libc++";
				CLANG_ENABLE_MODULES = YES;
				CLANG_ENABLE_OBJC_ARC = YES;
				CLANG_ENABLE_OBJC_WEAK = YES;
				CLANG_WARN_BLOCK_CAPTURE_AUTORELEASING = YES;
				CLANG_WARN_BOOL_CONVERSION = YES;
				CLANG_WARN_COMMA = YES;
				CLANG_WARN_CONSTANT_CONVERSION = YES;
				CLANG_WARN_DEPRECATED_OBJC_IMPLEMENTATIONS = YES;
				CLANG_WARN_DIRECT_OBJC_ISA_USAGE = YES_ERROR;
				CLANG_WARN_DOCUMENTATION_COMMENTS = YES;
				CLANG_WARN_EMPTY_BODY = YES;
				CLANG_WARN_ENUM_CONVERSION = YES;
				CLANG_WARN_INFINITE_RECURSION = YES;
				CLANG_WARN_INT_CONVERSION = YES;
				CLANG_WARN_NON_LITERAL_NULL_CONVERSION = YES;
				CLANG_WARN_OBJC_IMPLICIT_RETAIN_SELF = YES;
				CLANG_WARN_OBJC_LITERAL_CONVERSION = YES;
				CLANG_WARN_OBJC_ROOT_CLASS = YES_ERROR;
				CLANG_WARN_QUOTED_INCLUDE_IN_FRAMEWORK_HEADER = YES;
				CLANG_WARN_RANGE_LOOP_ANALYSIS = YES;
				CLANG_WARN_STRICT_PROTOTYPES = YES;
				CLANG_WARN_SUSPICIOUS_MOVE = YES;
				CLANG_WARN_UNGUARDED_AVAILABILITY = YES_AGGRESSIVE;
				CLANG_WARN_UNREACHABLE_CODE = YES;
				CLANG_WARN__DUPLICATE_METHOD_MATCH = YES;
				COPY_PHASE_STRIP = NO;
				DEBUG_INFORMATION_FORMAT = dwarf;
				ENABLE_STRICT_OBJC_MSGSEND = YES;
				ENABLE_TESTABILITY = YES;
				GCC_C_LANGUAGE_STANDARD = gnu11;
				GCC_DYNAMIC_NO_PIC = NO;
				GCC_NO_COMMON_BLOCKS = YES;
				GCC_OPTIMIZATION_LEVEL = 0;
				GCC_PREPROCESSOR_DEFINITIONS = (
					"DEBUG=1",
					"$(inherited)",
				);
				GCC_WARN_64_TO_32_BIT_CONVERSION = YES;
				GCC_WARN_ABOUT_RETURN_TYPE = YES_ERROR;
				GCC_WARN_UNDECLARED_SELECTOR = YES;
				GCC_WARN_UNINITIALIZED_AUTOS = YES_AGGRESSIVE;
				GCC_WARN_UNUSED_FUNCTION = YES;
				GCC_WARN_UNUSED_VARIABLE = YES;
				IPHONEOS_DEPLOYMENT_TARGET = 14.5;
				MTL_ENABLE_DEBUG_INFO = INCLUDE_SOURCE;
				MTL_FAST_MATH = YES;
				ONLY_ACTIVE_ARCH = YES;
				SDKROOT = iphoneos;
				SWIFT_ACTIVE_COMPILATION_CONDITIONS = DEBUG;
				SWIFT_OPTIMIZATION_LEVEL = "-Onone";
			};
			name = Debug;
		};
		04E04F5A2631E68A0094213F /* Release */ = {
			isa = XCBuildConfiguration;
			buildSettings = {
				ALWAYS_SEARCH_USER_PATHS = NO;
				CLANG_ANALYZER_NONNULL = YES;
				CLANG_ANALYZER_NUMBER_OBJECT_CONVERSION = YES_AGGRESSIVE;
				CLANG_CXX_LANGUAGE_STANDARD = "gnu++14";
				CLANG_CXX_LIBRARY = "libc++";
				CLANG_ENABLE_MODULES = YES;
				CLANG_ENABLE_OBJC_ARC = YES;
				CLANG_ENABLE_OBJC_WEAK = YES;
				CLANG_WARN_BLOCK_CAPTURE_AUTORELEASING = YES;
				CLANG_WARN_BOOL_CONVERSION = YES;
				CLANG_WARN_COMMA = YES;
				CLANG_WARN_CONSTANT_CONVERSION = YES;
				CLANG_WARN_DEPRECATED_OBJC_IMPLEMENTATIONS = YES;
				CLANG_WARN_DIRECT_OBJC_ISA_USAGE = YES_ERROR;
				CLANG_WARN_DOCUMENTATION_COMMENTS = YES;
				CLANG_WARN_EMPTY_BODY = YES;
				CLANG_WARN_ENUM_CONVERSION = YES;
				CLANG_WARN_INFINITE_RECURSION = YES;
				CLANG_WARN_INT_CONVERSION = YES;
				CLANG_WARN_NON_LITERAL_NULL_CONVERSION = YES;
				CLANG_WARN_OBJC_IMPLICIT_RETAIN_SELF = YES;
				CLANG_WARN_OBJC_LITERAL_CONVERSION = YES;
				CLANG_WARN_OBJC_ROOT_CLASS = YES_ERROR;
				CLANG_WARN_QUOTED_INCLUDE_IN_FRAMEWORK_HEADER = YES;
				CLANG_WARN_RANGE_LOOP_ANALYSIS = YES;
				CLANG_WARN_STRICT_PROTOTYPES = YES;
				CLANG_WARN_SUSPICIOUS_MOVE = YES;
				CLANG_WARN_UNGUARDED_AVAILABILITY = YES_AGGRESSIVE;
				CLANG_WARN_UNREACHABLE_CODE = YES;
				CLANG_WARN__DUPLICATE_METHOD_MATCH = YES;
				COPY_PHASE_STRIP = NO;
				DEBUG_INFORMATION_FORMAT = "dwarf-with-dsym";
				ENABLE_NS_ASSERTIONS = NO;
				ENABLE_STRICT_OBJC_MSGSEND = YES;
				GCC_C_LANGUAGE_STANDARD = gnu11;
				GCC_NO_COMMON_BLOCKS = YES;
				GCC_WARN_64_TO_32_BIT_CONVERSION = YES;
				GCC_WARN_ABOUT_RETURN_TYPE = YES_ERROR;
				GCC_WARN_UNDECLARED_SELECTOR = YES;
				GCC_WARN_UNINITIALIZED_AUTOS = YES_AGGRESSIVE;
				GCC_WARN_UNUSED_FUNCTION = YES;
				GCC_WARN_UNUSED_VARIABLE = YES;
				IPHONEOS_DEPLOYMENT_TARGET = 14.5;
				MTL_ENABLE_DEBUG_INFO = NO;
				MTL_FAST_MATH = YES;
				SDKROOT = iphoneos;
				SWIFT_COMPILATION_MODE = wholemodule;
				SWIFT_OPTIMIZATION_LEVEL = "-O";
				VALIDATE_PRODUCT = YES;
			};
			name = Release;
		};
		04E04F5C2631E68A0094213F /* Debug */ = {
			isa = XCBuildConfiguration;
			buildSettings = {
				ASSETCATALOG_COMPILER_APPICON_NAME = AppIcon;
				ASSETCATALOG_COMPILER_GLOBAL_ACCENT_COLOR_NAME = AccentColor;
				CODE_SIGN_STYLE = Automatic;
				DEVELOPMENT_ASSET_PATHS = "\"Layout/Preview Content\"";
				ENABLE_PREVIEWS = YES;
				INFOPLIST_FILE = Layout/Info.plist;
				IPHONEOS_DEPLOYMENT_TARGET = 14.0;
				LD_RUNPATH_SEARCH_PATHS = (
					"$(inherited)",
					"@executable_path/Frameworks",
				);
				PRODUCT_BUNDLE_IDENTIFIER = BMR.Layout;
				PRODUCT_NAME = "$(TARGET_NAME)";
				SWIFT_VERSION = 5.0;
				TARGETED_DEVICE_FAMILY = "1,2";
			};
			name = Debug;
		};
		04E04F5D2631E68A0094213F /* Release */ = {
			isa = XCBuildConfiguration;
			buildSettings = {
				ASSETCATALOG_COMPILER_APPICON_NAME = AppIcon;
				ASSETCATALOG_COMPILER_GLOBAL_ACCENT_COLOR_NAME = AccentColor;
				CODE_SIGN_STYLE = Automatic;
				DEVELOPMENT_ASSET_PATHS = "\"Layout/Preview Content\"";
				ENABLE_PREVIEWS = YES;
				INFOPLIST_FILE = Layout/Info.plist;
				IPHONEOS_DEPLOYMENT_TARGET = 14.0;
				LD_RUNPATH_SEARCH_PATHS = (
					"$(inherited)",
					"@executable_path/Frameworks",
				);
				PRODUCT_BUNDLE_IDENTIFIER = BMR.Layout;
				PRODUCT_NAME = "$(TARGET_NAME)";
				SWIFT_VERSION = 5.0;
				TARGETED_DEVICE_FAMILY = "1,2";
			};
			name = Release;
		};
		04E04F5F2631E68A0094213F /* Debug */ = {
			isa = XCBuildConfiguration;
			buildSettings = {
				ALWAYS_EMBED_SWIFT_STANDARD_LIBRARIES = YES;
				BUNDLE_LOADER = "$(TEST_HOST)";
				CODE_SIGN_STYLE = Automatic;
				INFOPLIST_FILE = LayoutTests/Info.plist;
				IPHONEOS_DEPLOYMENT_TARGET = 14.0;
				LD_RUNPATH_SEARCH_PATHS = (
					"$(inherited)",
					"@executable_path/Frameworks",
					"@loader_path/Frameworks",
				);
				PRODUCT_BUNDLE_IDENTIFIER = BMR.LayoutTests;
				PRODUCT_NAME = "$(TARGET_NAME)";
				SWIFT_VERSION = 5.0;
				TARGETED_DEVICE_FAMILY = "1,2";
				TEST_HOST = "$(BUILT_PRODUCTS_DIR)/Layout.app/Layout";
			};
			name = Debug;
		};
		04E04F602631E68A0094213F /* Release */ = {
			isa = XCBuildConfiguration;
			buildSettings = {
				ALWAYS_EMBED_SWIFT_STANDARD_LIBRARIES = YES;
				BUNDLE_LOADER = "$(TEST_HOST)";
				CODE_SIGN_STYLE = Automatic;
				INFOPLIST_FILE = LayoutTests/Info.plist;
				IPHONEOS_DEPLOYMENT_TARGET = 14.0;
				LD_RUNPATH_SEARCH_PATHS = (
					"$(inherited)",
					"@executable_path/Frameworks",
					"@loader_path/Frameworks",
				);
				PRODUCT_BUNDLE_IDENTIFIER = BMR.LayoutTests;
				PRODUCT_NAME = "$(TARGET_NAME)";
				SWIFT_VERSION = 5.0;
				TARGETED_DEVICE_FAMILY = "1,2";
				TEST_HOST = "$(BUILT_PRODUCTS_DIR)/Layout.app/Layout";
			};
			name = Release;
		};
		04E04F622631E68A0094213F /* Debug */ = {
			isa = XCBuildConfiguration;
			buildSettings = {
				ALWAYS_EMBED_SWIFT_STANDARD_LIBRARIES = YES;
				CODE_SIGN_STYLE = Automatic;
				INFOPLIST_FILE = LayoutUITests/Info.plist;
				LD_RUNPATH_SEARCH_PATHS = (
					"$(inherited)",
					"@executable_path/Frameworks",
					"@loader_path/Frameworks",
				);
				PRODUCT_BUNDLE_IDENTIFIER = BMR.LayoutUITests;
				PRODUCT_NAME = "$(TARGET_NAME)";
				SWIFT_VERSION = 5.0;
				TARGETED_DEVICE_FAMILY = "1,2";
				TEST_TARGET_NAME = Layout;
			};
			name = Debug;
		};
		04E04F632631E68A0094213F /* Release */ = {
			isa = XCBuildConfiguration;
			buildSettings = {
				ALWAYS_EMBED_SWIFT_STANDARD_LIBRARIES = YES;
				CODE_SIGN_STYLE = Automatic;
				INFOPLIST_FILE = LayoutUITests/Info.plist;
				LD_RUNPATH_SEARCH_PATHS = (
					"$(inherited)",
					"@executable_path/Frameworks",
					"@loader_path/Frameworks",
				);
				PRODUCT_BUNDLE_IDENTIFIER = BMR.LayoutUITests;
				PRODUCT_NAME = "$(TARGET_NAME)";
				SWIFT_VERSION = 5.0;
				TARGETED_DEVICE_FAMILY = "1,2";
				TEST_TARGET_NAME = Layout;
			};
			name = Release;
		};
/* End XCBuildConfiguration section */

/* Begin XCConfigurationList section */
		04E04F312631E6820094213F /* Build configuration list for PBXProject "Layout" */ = {
			isa = XCConfigurationList;
			buildConfigurations = (
				04E04F592631E68A0094213F /* Debug */,
				04E04F5A2631E68A0094213F /* Release */,
			);
			defaultConfigurationIsVisible = 0;
			defaultConfigurationName = Release;
		};
		04E04F5B2631E68A0094213F /* Build configuration list for PBXNativeTarget "Layout" */ = {
			isa = XCConfigurationList;
			buildConfigurations = (
				04E04F5C2631E68A0094213F /* Debug */,
				04E04F5D2631E68A0094213F /* Release */,
			);
			defaultConfigurationIsVisible = 0;
			defaultConfigurationName = Release;
		};
		04E04F5E2631E68A0094213F /* Build configuration list for PBXNativeTarget "LayoutTests" */ = {
			isa = XCConfigurationList;
			buildConfigurations = (
				04E04F5F2631E68A0094213F /* Debug */,
				04E04F602631E68A0094213F /* Release */,
			);
			defaultConfigurationIsVisible = 0;
			defaultConfigurationName = Release;
		};
		04E04F612631E68A0094213F /* Build configuration list for PBXNativeTarget "LayoutUITests" */ = {
			isa = XCConfigurationList;
			buildConfigurations = (
				04E04F622631E68A0094213F /* Debug */,
				04E04F632631E68A0094213F /* Release */,
			);
			defaultConfigurationIsVisible = 0;
			defaultConfigurationName = Release;
		};
/* End XCConfigurationList section */
	};
	rootObject = 04E04F2E2631E6820094213F /* Project object */;
}
